<?xml version="1.0" encoding="utf-8"?>
<Project ToolsVersion="4.0" xmlns="http://schemas.microsoft.com/developer/msbuild/2003">
  <ItemGroup>
    <Filter Include="SDL">
      <UniqueIdentifier>{bb486f97-23bd-433e-9ca8-b0b35a4f4c50}</UniqueIdentifier>
      <Extensions>cpp;c;cxx;rc;def;r;odl;idl;hpj;bat</Extensions>
    </Filter>
    <Filter Include="Generic">
      <UniqueIdentifier>{d31748d6-a0e0-4418-aab4-f99b94934e99}</UniqueIdentifier>
    </Filter>
    <Filter Include="CarWorld specific">
      <UniqueIdentifier>{ee474479-b307-450a-bf1e-47afc3448b4f}</UniqueIdentifier>
    </Filter>
  </ItemGroup>
  <ItemGroup>
    <ClCompile Include="..\src\DXJoystick.cpp">
      <Filter>SDL</Filter>
    </ClCompile>
    <ClCompile Include="..\src\H_PosixSocket.cpp">
      <Filter>SDL</Filter>
    </ClCompile>
    <ClCompile Include="..\src\H_WinSocket.cpp">
      <Filter>SDL</Filter>
    </ClCompile>
    <ClCompile Include="..\src\SDLJoystick.cpp">
      <Filter>SDL</Filter>
    </ClCompile>
    <ClCompile Include="..\src\SDLMain.cpp">
      <Filter>SDL</Filter>
    </ClCompile>
    <ClCompile Include="..\src\H_Geometry.cpp">
      <Filter>Generic</Filter>
    </ClCompile>
    <ClCompile Include="..\src\H_Graphics.cpp">
      <Filter>Generic</Filter>
    </ClCompile>
    <ClCompile Include="..\src\H_Input.cpp">
      <Filter>Generic</Filter>
    </ClCompile>
    <ClCompile Include="..\src\H_Keys.cpp">
      <Filter>Generic</Filter>
    </ClCompile>
    <ClCompile Include="..\src\H_Object.cpp">
      <Filter>Generic</Filter>
    </ClCompile>
    <ClCompile Include="..\src\H_Prompt.cpp">
      <Filter>Generic</Filter>
    </ClCompile>
    <ClCompile Include="..\src\H_Standard.cpp">
      <Filter>Generic</Filter>
    </ClCompile>
    <ClCompile Include="..\src\H_Texture.cpp">
      <Filter>Generic</Filter>
    </ClCompile>
    <ClCompile Include="..\src\H_Variable.cpp">
      <Filter>Generic</Filter>
    </ClCompile>
    <ClCompile Include="..\src\H_XML.cpp">
      <Filter>Generic</Filter>
    </ClCompile>
    <ClCompile Include="..\src\CarWorld.cpp">
      <Filter>CarWorld specific</Filter>
    </ClCompile>
    <ClCompile Include="..\src\CarWorldClasses.cpp">
      <Filter>CarWorld specific</Filter>
    </ClCompile>
    <ClCompile Include="..\src\CarWorldClient.cpp">
      <Filter>CarWorld specific</Filter>
    </ClCompile>
    <ClCompile Include="..\src\CarWorldMain.cpp">
      <Filter>CarWorld specific</Filter>
    </ClCompile>
    <ClCompile Include="..\src\CarWorldNet.cpp">
      <Filter>CarWorld specific</Filter>
    </ClCompile>
    <ClCompile Include="..\src\CWCamera.cpp">
      <Filter>CarWorld specific</Filter>
    </ClCompile>
    <ClCompile Include="..\src\CWVehicle.cpp">
      <Filter>CarWorld specific</Filter>
    </ClCompile>
    <ClCompile Include="..\src\Tacho.cpp">
      <Filter>CarWorld specific</Filter>
    </ClCompile>
    <ClCompile Include="..\src\WorldBlock.cpp">
      <Filter>CarWorld specific</Filter>
    </ClCompile>
    <ClCompile Include="..\src\ArduinoComm.cpp">
      <Filter>CarWorld specific</Filter>
    </ClCompile>
  </ItemGroup>
  <ItemGroup>
    <ClInclude Include="..\src\DXJoystick.h">
      <Filter>SDL</Filter>
    </ClInclude>
    <ClInclude Include="..\src\H_Main.h">
      <Filter>SDL</Filter>
    </ClInclude>
    <ClInclude Include="..\src\SDLJoystick.h">
      <Filter>SDL</Filter>
    </ClInclude>
    <ClInclude Include="..\src\automat.h">
      <Filter>Generic</Filter>
    </ClInclude>
    <ClInclude Include="..\src\H_Geometry.h">
      <Filter>Generic</Filter>
    </ClInclude>
    <ClInclude Include="..\src\H_Graphics.h">
      <Filter>Generic</Filter>
    </ClInclude>
    <ClInclude Include="..\src\H_Input.h">
      <Filter>Generic</Filter>
    </ClInclude>
    <ClInclude Include="..\src\H_Keys.h">
      <Filter>Generic</Filter>
    </ClInclude>
    <ClInclude Include="..\src\H_Object.h">
      <Filter>Generic</Filter>
    </ClInclude>
    <ClInclude Include="..\src\H_Prompt.h">
      <Filter>Generic</Filter>
    </ClInclude>
    <ClInclude Include="..\src\H_Socket.h">
      <Filter>Generic</Filter>
    </ClInclude>
    <ClInclude Include="..\src\H_Standard.h">
      <Filter>Generic</Filter>
    </ClInclude>
    <ClInclude Include="..\src\H_Texture.h">
      <Filter>Generic</Filter>
    </ClInclude>
    <ClInclude Include="..\src\H_Variable.h">
      <Filter>Generic</Filter>
    </ClInclude>
    <ClInclude Include="..\src\H_XML.h">
      <Filter>Generic</Filter>
    </ClInclude>
    <ClInclude Include="..\src\CarWorld.h">
      <Filter>CarWorld specific</Filter>
    </ClInclude>
    <ClInclude Include="..\src\CarWorldClasses.h">
      <Filter>CarWorld specific</Filter>
    </ClInclude>
    <ClInclude Include="..\src\CarWorldClient.h">
      <Filter>CarWorld specific</Filter>
    </ClInclude>
    <ClInclude Include="..\src\CarWorldNet.h">
      <Filter>CarWorld specific</Filter>
    </ClInclude>
    <ClInclude Include="..\src\CWCamera.h">
      <Filter>CarWorld specific</Filter>
    </ClInclude>
    <ClInclude Include="..\src\CWVehicle.h">
      <Filter>CarWorld specific</Filter>
    </ClInclude>
    <ClInclude Include="..\src\CWVersion.h">
      <Filter>CarWorld specific</Filter>
    </ClInclude>
    <ClInclude Include="..\src\Tacho.h">
      <Filter>CarWorld specific</Filter>
    </ClInclude>
    <ClInclude Include="..\src\WorldBlock.h">
      <Filter>CarWorld specific</Filter>
    </ClInclude>
    <ClInclude Include="..\src\ArduinoComm.h">
      <Filter>CarWorld specific</Filter>
    </ClInclude>
  </ItemGroup>
  <ItemGroup>
    <Text Include="..\readme.txt" />
  </ItemGroup>
</Project>